// !$*UTF8*$!
{
	archiveVersion = 1;
	classes = {
	};
	objectVersion = 55;
	objects = {

/* Begin PBXBuildFile section */
		482E677526BAA88600FBE693 /* CircularProgressBar.swift in Sources */ = {isa = PBXBuildFile; fileRef = 482E677426BAA88600FBE693 /* CircularProgressBar.swift */; };
		48754CE026C7633400CDAC99 /* AddItemViewController.swift in Sources */ = {isa = PBXBuildFile; fileRef = 48754CDF26C7633400CDAC99 /* AddItemViewController.swift */; };
		48759E6726D6FC6D00E2E2C3 /* PersonalViewController.swift in Sources */ = {isa = PBXBuildFile; fileRef = 48759E6626D6FC6D00E2E2C3 /* PersonalViewController.swift */; };
		4877D52B26DD908200EACD17 /* DatePickerViewController.swift in Sources */ = {isa = PBXBuildFile; fileRef = 4877D52A26DD908200EACD17 /* DatePickerViewController.swift */; };
		48850D0626D31C9F0075A8D3 /* SettingsViewController.swift in Sources */ = {isa = PBXBuildFile; fileRef = 48850D0526D31C9F0075A8D3 /* SettingsViewController.swift */; };
		48850D0826D31CEE0075A8D3 /* SettingTableViewCell.swift in Sources */ = {isa = PBXBuildFile; fileRef = 48850D0726D31CEE0075A8D3 /* SettingTableViewCell.swift */; };
		488FACD826FC27BA00686682 /* ChangeNameViewController.swift in Sources */ = {isa = PBXBuildFile; fileRef = 488FACD726FC27BA00686682 /* ChangeNameViewController.swift */; };
		488FACDA26FDA7DF00686682 /* ChangeRegionViewController.swift in Sources */ = {isa = PBXBuildFile; fileRef = 488FACD926FDA7DF00686682 /* ChangeRegionViewController.swift */; };
		4890A9B026C9DCFB006A1E6C /* DetailViewController.swift in Sources */ = {isa = PBXBuildFile; fileRef = 4890A9AF26C9DCFB006A1E6C /* DetailViewController.swift */; };
		48A3F15526A8F0F400DD717D /* AppDelegate.swift in Sources */ = {isa = PBXBuildFile; fileRef = 48A3F15426A8F0F400DD717D /* AppDelegate.swift */; };
		48A3F15726A8F0F400DD717D /* SceneDelegate.swift in Sources */ = {isa = PBXBuildFile; fileRef = 48A3F15626A8F0F400DD717D /* SceneDelegate.swift */; };
		48A3F15926A8F0F400DD717D /* HomePageViewController.swift in Sources */ = {isa = PBXBuildFile; fileRef = 48A3F15826A8F0F400DD717D /* HomePageViewController.swift */; };
		48A3F15C26A8F0F400DD717D /* Main.storyboard in Resources */ = {isa = PBXBuildFile; fileRef = 48A3F15A26A8F0F400DD717D /* Main.storyboard */; };
		48A3F15E26A8F0F600DD717D /* Assets.xcassets in Resources */ = {isa = PBXBuildFile; fileRef = 48A3F15D26A8F0F600DD717D /* Assets.xcassets */; };
		48A3F16126A8F0F600DD717D /* LaunchScreen.storyboard in Resources */ = {isa = PBXBuildFile; fileRef = 48A3F15F26A8F0F600DD717D /* LaunchScreen.storyboard */; };
		48A6C5D526B538620071388D /* CollectionView.swift in Sources */ = {isa = PBXBuildFile; fileRef = 48A6C5D426B538620071388D /* CollectionView.swift */; };
		48BB827726DAEBB3001FBB15 /* StaticTableViewController.swift in Sources */ = {isa = PBXBuildFile; fileRef = 48BB827626DAEBB3001FBB15 /* StaticTableViewController.swift */; };
		48FFBD5326B5ECAC00A836C7 /* CollectionViewCell.swift in Sources */ = {isa = PBXBuildFile; fileRef = 48FFBD5226B5ECAC00A836C7 /* CollectionViewCell.swift */; };
/* End PBXBuildFile section */

/* Begin PBXFileReference section */
		482E677426BAA88600FBE693 /* CircularProgressBar.swift */ = {isa = PBXFileReference; lastKnownFileType = sourcecode.swift; path = CircularProgressBar.swift; sourceTree = "<group>"; };
		48754CDF26C7633400CDAC99 /* AddItemViewController.swift */ = {isa = PBXFileReference; lastKnownFileType = sourcecode.swift; path = AddItemViewController.swift; sourceTree = "<group>"; };
		48759E6626D6FC6D00E2E2C3 /* PersonalViewController.swift */ = {isa = PBXFileReference; lastKnownFileType = sourcecode.swift; name = PersonalViewController.swift; path = "Regimen/View Controllers/PersonalViewController.swift"; sourceTree = SOURCE_ROOT; };
		4877D52A26DD908200EACD17 /* DatePickerViewController.swift */ = {isa = PBXFileReference; lastKnownFileType = sourcecode.swift; path = DatePickerViewController.swift; sourceTree = "<group>"; };
		48850D0526D31C9F0075A8D3 /* SettingsViewController.swift */ = {isa = PBXFileReference; lastKnownFileType = sourcecode.swift; path = SettingsViewController.swift; sourceTree = "<group>"; };
		48850D0726D31CEE0075A8D3 /* SettingTableViewCell.swift */ = {isa = PBXFileReference; lastKnownFileType = sourcecode.swift; path = SettingTableViewCell.swift; sourceTree = "<group>"; };
		488FACD726FC27BA00686682 /* ChangeNameViewController.swift */ = {isa = PBXFileReference; lastKnownFileType = sourcecode.swift; path = ChangeNameViewController.swift; sourceTree = "<group>"; };
		488FACD926FDA7DF00686682 /* ChangeRegionViewController.swift */ = {isa = PBXFileReference; lastKnownFileType = sourcecode.swift; path = ChangeRegionViewController.swift; sourceTree = "<group>"; };
		4890A9AF26C9DCFB006A1E6C /* DetailViewController.swift */ = {isa = PBXFileReference; lastKnownFileType = sourcecode.swift; path = DetailViewController.swift; sourceTree = "<group>"; };
		48A3F15126A8F0F400DD717D /* Regimen.app */ = {isa = PBXFileReference; explicitFileType = wrapper.application; includeInIndex = 0; path = Regimen.app; sourceTree = BUILT_PRODUCTS_DIR; };
		48A3F15426A8F0F400DD717D /* AppDelegate.swift */ = {isa = PBXFileReference; lastKnownFileType = sourcecode.swift; path = AppDelegate.swift; sourceTree = "<group>"; };
		48A3F15626A8F0F400DD717D /* SceneDelegate.swift */ = {isa = PBXFileReference; lastKnownFileType = sourcecode.swift; path = SceneDelegate.swift; sourceTree = "<group>"; };
		48A3F15826A8F0F400DD717D /* HomePageViewController.swift */ = {isa = PBXFileReference; lastKnownFileType = sourcecode.swift; path = HomePageViewController.swift; sourceTree = "<group>"; };
		48A3F15B26A8F0F400DD717D /* Base */ = {isa = PBXFileReference; lastKnownFileType = file.storyboard; name = Base; path = Base.lproj/Main.storyboard; sourceTree = "<group>"; };
		48A3F15D26A8F0F600DD717D /* Assets.xcassets */ = {isa = PBXFileReference; lastKnownFileType = folder.assetcatalog; path = Assets.xcassets; sourceTree = "<group>"; };
		48A3F16026A8F0F600DD717D /* Base */ = {isa = PBXFileReference; lastKnownFileType = file.storyboard; name = Base; path = Base.lproj/LaunchScreen.storyboard; sourceTree = "<group>"; };
		48A3F16226A8F0F600DD717D /* Info.plist */ = {isa = PBXFileReference; lastKnownFileType = text.plist.xml; path = Info.plist; sourceTree = "<group>"; };
		48A6C5D426B538620071388D /* CollectionView.swift */ = {isa = PBXFileReference; lastKnownFileType = sourcecode.swift; path = CollectionView.swift; sourceTree = "<group>"; };
		48BB827626DAEBB3001FBB15 /* StaticTableViewController.swift */ = {isa = PBXFileReference; lastKnownFileType = sourcecode.swift; path = StaticTableViewController.swift; sourceTree = SOURCE_ROOT; };
		48FFBD5226B5ECAC00A836C7 /* CollectionViewCell.swift */ = {isa = PBXFileReference; lastKnownFileType = sourcecode.swift; path = CollectionViewCell.swift; sourceTree = "<group>"; };
/* End PBXFileReference section */

/* Begin PBXFrameworksBuildPhase section */
		48A3F14E26A8F0F400DD717D /* Frameworks */ = {
			isa = PBXFrameworksBuildPhase;
			buildActionMask = 2147483647;
			files = (
			);
			runOnlyForDeploymentPostprocessing = 0;
		};
/* End PBXFrameworksBuildPhase section */

/* Begin PBXGroup section */
		48759E6926D7038200E2E2C3 /* View Controllers */ = {
			isa = PBXGroup;
			children = (
				48BB827626DAEBB3001FBB15 /* StaticTableViewController.swift */,
				48A3F15826A8F0F400DD717D /* HomePageViewController.swift */,
				48850D0526D31C9F0075A8D3 /* SettingsViewController.swift */,
				48754CDF26C7633400CDAC99 /* AddItemViewController.swift */,
				4890A9AF26C9DCFB006A1E6C /* DetailViewController.swift */,
				48759E6626D6FC6D00E2E2C3 /* PersonalViewController.swift */,
				4877D52A26DD908200EACD17 /* DatePickerViewController.swift */,
				488FACD726FC27BA00686682 /* ChangeNameViewController.swift */,
				488FACD926FDA7DF00686682 /* ChangeRegionViewController.swift */,
			);
			path = "View Controllers";
			sourceTree = "<group>";
		};
		48759E6A26D703DF00E2E2C3 /* System Defaults */ = {
			isa = PBXGroup;
			children = (
				48A3F15426A8F0F400DD717D /* AppDelegate.swift */,
				48A3F15626A8F0F400DD717D /* SceneDelegate.swift */,
			);
			path = "System Defaults";
			sourceTree = "<group>";
		};
		48759E6B26D7040E00E2E2C3 /* Custom Views */ = {
			isa = PBXGroup;
			children = (
				48FFBD5226B5ECAC00A836C7 /* CollectionViewCell.swift */,
				482E677426BAA88600FBE693 /* CircularProgressBar.swift */,
				48850D0726D31CEE0075A8D3 /* SettingTableViewCell.swift */,
				48A6C5D426B538620071388D /* CollectionView.swift */,
			);
			path = "Custom Views";
			sourceTree = "<group>";
		};
		48A3F14826A8F0F400DD717D = {
			isa = PBXGroup;
			children = (
				48A3F15326A8F0F400DD717D /* Regimen */,
				48A3F15226A8F0F400DD717D /* Products */,
			);
			sourceTree = "<group>";
		};
		48A3F15226A8F0F400DD717D /* Products */ = {
			isa = PBXGroup;
			children = (
				48A3F15126A8F0F400DD717D /* Regimen.app */,
			);
			name = Products;
			sourceTree = "<group>";
		};
		48A3F15326A8F0F400DD717D /* Regimen */ = {
			isa = PBXGroup;
			children = (
				48A3F15A26A8F0F400DD717D /* Main.storyboard */,
				48A3F15D26A8F0F600DD717D /* Assets.xcassets */,
				48A3F15F26A8F0F600DD717D /* LaunchScreen.storyboard */,
				48A3F16226A8F0F600DD717D /* Info.plist */,
				48759E6A26D703DF00E2E2C3 /* System Defaults */,
				48759E6926D7038200E2E2C3 /* View Controllers */,
				48759E6B26D7040E00E2E2C3 /* Custom Views */,
			);
			path = Regimen;
			sourceTree = "<group>";
		};
/* End PBXGroup section */

/* Begin PBXNativeTarget section */
		48A3F15026A8F0F400DD717D /* Regimen */ = {
			isa = PBXNativeTarget;
			buildConfigurationList = 48A3F16526A8F0F600DD717D /* Build configuration list for PBXNativeTarget "Regimen" */;
			buildPhases = (
				48A3F14D26A8F0F400DD717D /* Sources */,
				48A3F14E26A8F0F400DD717D /* Frameworks */,
				48A3F14F26A8F0F400DD717D /* Resources */,
			);
			buildRules = (
			);
			dependencies = (
			);
			name = Regimen;
			productName = Regimen;
			productReference = 48A3F15126A8F0F400DD717D /* Regimen.app */;
			productType = "com.apple.product-type.application";
		};
/* End PBXNativeTarget section */

/* Begin PBXProject section */
		48A3F14926A8F0F400DD717D /* Project object */ = {
			isa = PBXProject;
			attributes = {
				BuildIndependentTargetsInParallel = 1;
				LastSwiftUpdateCheck = 1300;
				LastUpgradeCheck = 1300;
				TargetAttributes = {
					48A3F15026A8F0F400DD717D = {
						CreatedOnToolsVersion = 13.0;
					};
				};
			};
			buildConfigurationList = 48A3F14C26A8F0F400DD717D /* Build configuration list for PBXProject "Regimen" */;
			compatibilityVersion = "Xcode 13.0";
			developmentRegion = en;
			hasScannedForEncodings = 0;
			knownRegions = (
				en,
				Base,
			);
			mainGroup = 48A3F14826A8F0F400DD717D;
			productRefGroup = 48A3F15226A8F0F400DD717D /* Products */;
			projectDirPath = "";
			projectRoot = "";
			targets = (
				48A3F15026A8F0F400DD717D /* Regimen */,
			);
		};
/* End PBXProject section */

/* Begin PBXResourcesBuildPhase section */
		48A3F14F26A8F0F400DD717D /* Resources */ = {
			isa = PBXResourcesBuildPhase;
			buildActionMask = 2147483647;
			files = (
				48A3F16126A8F0F600DD717D /* LaunchScreen.storyboard in Resources */,
				48A3F15E26A8F0F600DD717D /* Assets.xcassets in Resources */,
				48A3F15C26A8F0F400DD717D /* Main.storyboard in Resources */,
			);
			runOnlyForDeploymentPostprocessing = 0;
		};
/* End PBXResourcesBuildPhase section */

/* Begin PBXSourcesBuildPhase section */
		48A3F14D26A8F0F400DD717D /* Sources */ = {
			isa = PBXSourcesBuildPhase;
			buildActionMask = 2147483647;
			files = (
				48FFBD5326B5ECAC00A836C7 /* CollectionViewCell.swift in Sources */,
				4877D52B26DD908200EACD17 /* DatePickerViewController.swift in Sources */,
				48BB827726DAEBB3001FBB15 /* StaticTableViewController.swift in Sources */,
				48A6C5D526B538620071388D /* CollectionView.swift in Sources */,
				488FACDA26FDA7DF00686682 /* ChangeRegionViewController.swift in Sources */,
				48A3F15926A8F0F400DD717D /* HomePageViewController.swift in Sources */,
				48A3F15526A8F0F400DD717D /* AppDelegate.swift in Sources */,
				48754CE026C7633400CDAC99 /* AddItemViewController.swift in Sources */,
				48A3F15726A8F0F400DD717D /* SceneDelegate.swift in Sources */,
				48850D0826D31CEE0075A8D3 /* SettingTableViewCell.swift in Sources */,
				482E677526BAA88600FBE693 /* CircularProgressBar.swift in Sources */,
				4890A9B026C9DCFB006A1E6C /* DetailViewController.swift in Sources */,
				48850D0626D31C9F0075A8D3 /* SettingsViewController.swift in Sources */,
				48759E6726D6FC6D00E2E2C3 /* PersonalViewController.swift in Sources */,
				488FACD826FC27BA00686682 /* ChangeNameViewController.swift in Sources */,
			);
			runOnlyForDeploymentPostprocessing = 0;
		};
/* End PBXSourcesBuildPhase section */

/* Begin PBXVariantGroup section */
		48A3F15A26A8F0F400DD717D /* Main.storyboard */ = {
			isa = PBXVariantGroup;
			children = (
				48A3F15B26A8F0F400DD717D /* Base */,
			);
			name = Main.storyboard;
			sourceTree = "<group>";
		};
		48A3F15F26A8F0F600DD717D /* LaunchScreen.storyboard */ = {
			isa = PBXVariantGroup;
			children = (
				48A3F16026A8F0F600DD717D /* Base */,
			);
			name = LaunchScreen.storyboard;
			sourceTree = "<group>";
		};
/* End PBXVariantGroup section */

/* Begin XCBuildConfiguration section */
		48A3F16326A8F0F600DD717D /* Debug */ = {
			isa = XCBuildConfiguration;
			buildSettings = {
				ALWAYS_SEARCH_USER_PATHS = NO;
				CLANG_ANALYZER_NONNULL = YES;
				CLANG_ANALYZER_NUMBER_OBJECT_CONVERSION = YES_AGGRESSIVE;
				CLANG_CXX_LANGUAGE_STANDARD = "gnu++14";
				CLANG_CXX_LIBRARY = "libc++";
				CLANG_ENABLE_MODULES = YES;
				CLANG_ENABLE_OBJC_ARC = YES;
				CLANG_ENABLE_OBJC_WEAK = YES;
				CLANG_WARN_BLOCK_CAPTURE_AUTORELEASING = YES;
				CLANG_WARN_BOOL_CONVERSION = YES;
				CLANG_WARN_COMMA = YES;
				CLANG_WARN_CONSTANT_CONVERSION = YES;
				CLANG_WARN_DEPRECATED_OBJC_IMPLEMENTATIONS = YES;
				CLANG_WARN_DIRECT_OBJC_ISA_USAGE = YES_ERROR;
				CLANG_WARN_DOCUMENTATION_COMMENTS = YES;
				CLANG_WARN_EMPTY_BODY = YES;
				CLANG_WARN_ENUM_CONVERSION = YES;
				CLANG_WARN_INFINITE_RECURSION = YES;
				CLANG_WARN_INT_CONVERSION = YES;
				CLANG_WARN_NON_LITERAL_NULL_CONVERSION = YES;
				CLANG_WARN_OBJC_IMPLICIT_RETAIN_SELF = YES;
				CLANG_WARN_OBJC_LITERAL_CONVERSION = YES;
				CLANG_WARN_OBJC_ROOT_CLASS = YES_ERROR;
				CLANG_WARN_QUOTED_INCLUDE_IN_FRAMEWORK_HEADER = YES;
				CLANG_WARN_RANGE_LOOP_ANALYSIS = YES;
				CLANG_WARN_STRICT_PROTOTYPES = YES;
				CLANG_WARN_SUSPICIOUS_MOVE = YES;
				CLANG_WARN_UNGUARDED_AVAILABILITY = YES_AGGRESSIVE;
				CLANG_WARN_UNREACHABLE_CODE = YES;
				CLANG_WARN__DUPLICATE_METHOD_MATCH = YES;
				COPY_PHASE_STRIP = NO;
				DEBUG_INFORMATION_FORMAT = dwarf;
				ENABLE_STRICT_OBJC_MSGSEND = YES;
				ENABLE_TESTABILITY = YES;
				GCC_C_LANGUAGE_STANDARD = gnu11;
				GCC_DYNAMIC_NO_PIC = NO;
				GCC_NO_COMMON_BLOCKS = YES;
				GCC_OPTIMIZATION_LEVEL = 0;
				GCC_PREPROCESSOR_DEFINITIONS = (
					"DEBUG=1",
					"$(inherited)",
				);
				GCC_WARN_64_TO_32_BIT_CONVERSION = YES;
				GCC_WARN_ABOUT_RETURN_TYPE = YES_ERROR;
				GCC_WARN_UNDECLARED_SELECTOR = YES;
				GCC_WARN_UNINITIALIZED_AUTOS = YES_AGGRESSIVE;
				GCC_WARN_UNUSED_FUNCTION = YES;
				GCC_WARN_UNUSED_VARIABLE = YES;
				IPHONEOS_DEPLOYMENT_TARGET = 15.0;
				MTL_ENABLE_DEBUG_INFO = INCLUDE_SOURCE;
				MTL_FAST_MATH = YES;
				ONLY_ACTIVE_ARCH = YES;
				SDKROOT = iphoneos;
				SWIFT_ACTIVE_COMPILATION_CONDITIONS = DEBUG;
				SWIFT_OPTIMIZATION_LEVEL = "-Onone";
			};
			name = Debug;
		};
		48A3F16426A8F0F600DD717D /* Release */ = {
			isa = XCBuildConfiguration;
			buildSettings = {
				ALWAYS_SEARCH_USER_PATHS = NO;
				CLANG_ANALYZER_NONNULL = YES;
				CLANG_ANALYZER_NUMBER_OBJECT_CONVERSION = YES_AGGRESSIVE;
				CLANG_CXX_LANGUAGE_STANDARD = "gnu++14";
				CLANG_CXX_LIBRARY = "libc++";
				CLANG_ENABLE_MODULES = YES;
				CLANG_ENABLE_OBJC_ARC = YES;
				CLANG_ENABLE_OBJC_WEAK = YES;
				CLANG_WARN_BLOCK_CAPTURE_AUTORELEASING = YES;
				CLANG_WARN_BOOL_CONVERSION = YES;
				CLANG_WARN_COMMA = YES;
				CLANG_WARN_CONSTANT_CONVERSION = YES;
				CLANG_WARN_DEPRECATED_OBJC_IMPLEMENTATIONS = YES;
				CLANG_WARN_DIRECT_OBJC_ISA_USAGE = YES_ERROR;
				CLANG_WARN_DOCUMENTATION_COMMENTS = YES;
				CLANG_WARN_EMPTY_BODY = YES;
				CLANG_WARN_ENUM_CONVERSION = YES;
				CLANG_WARN_INFINITE_RECURSION = YES;
				CLANG_WARN_INT_CONVERSION = YES;
				CLANG_WARN_NON_LITERAL_NULL_CONVERSION = YES;
				CLANG_WARN_OBJC_IMPLICIT_RETAIN_SELF = YES;
				CLANG_WARN_OBJC_LITERAL_CONVERSION = YES;
				CLANG_WARN_OBJC_ROOT_CLASS = YES_ERROR;
				CLANG_WARN_QUOTED_INCLUDE_IN_FRAMEWORK_HEADER = YES;
				CLANG_WARN_RANGE_LOOP_ANALYSIS = YES;
				CLANG_WARN_STRICT_PROTOTYPES = YES;
				CLANG_WARN_SUSPICIOUS_MOVE = YES;
				CLANG_WARN_UNGUARDED_AVAILABILITY = YES_AGGRESSIVE;
				CLANG_WARN_UNREACHABLE_CODE = YES;
				CLANG_WARN__DUPLICATE_METHOD_MATCH = YES;
				COPY_PHASE_STRIP = NO;
				DEBUG_INFORMATION_FORMAT = "dwarf-with-dsym";
				ENABLE_NS_ASSERTIONS = NO;
				ENABLE_STRICT_OBJC_MSGSEND = YES;
				GCC_C_LANGUAGE_STANDARD = gnu11;
				GCC_NO_COMMON_BLOCKS = YES;
				GCC_WARN_64_TO_32_BIT_CONVERSION = YES;
				GCC_WARN_ABOUT_RETURN_TYPE = YES_ERROR;
				GCC_WARN_UNDECLARED_SELECTOR = YES;
				GCC_WARN_UNINITIALIZED_AUTOS = YES_AGGRESSIVE;
				GCC_WARN_UNUSED_FUNCTION = YES;
				GCC_WARN_UNUSED_VARIABLE = YES;
				IPHONEOS_DEPLOYMENT_TARGET = 15.0;
				MTL_ENABLE_DEBUG_INFO = NO;
				MTL_FAST_MATH = YES;
				SDKROOT = iphoneos;
				SWIFT_COMPILATION_MODE = wholemodule;
				SWIFT_OPTIMIZATION_LEVEL = "-O";
				VALIDATE_PRODUCT = YES;
			};
			name = Release;
		};
		48A3F16626A8F0F600DD717D /* Debug */ = {
			isa = XCBuildConfiguration;
			buildSettings = {
				ASSETCATALOG_COMPILER_APPICON_NAME = AppIcon;
				ASSETCATALOG_COMPILER_GLOBAL_ACCENT_COLOR_NAME = AccentColor;
				CODE_SIGN_STYLE = Automatic;
				CURRENT_PROJECT_VERSION = 1;
				DEVELOPMENT_TEAM = CV5F63AHVX;
				GENERATE_INFOPLIST_FILE = YES;
				INFOPLIST_FILE = Regimen/Info.plist;
				INFOPLIST_KEY_UIApplicationSupportsIndirectInputEvents = YES;
				INFOPLIST_KEY_UILaunchStoryboardName = LaunchScreen;
				INFOPLIST_KEY_UIMainStoryboardFile = Main;
				INFOPLIST_KEY_UISupportedInterfaceOrientations_iPad = "UIInterfaceOrientationPortrait UIInterfaceOrientationPortraitUpsideDown UIInterfaceOrientationLandscapeLeft UIInterfaceOrientationLandscapeRight";
				INFOPLIST_KEY_UISupportedInterfaceOrientations_iPhone = "UIInterfaceOrientationPortrait UIInterfaceOrientationLandscapeLeft UIInterfaceOrientationLandscapeRight";
				LD_RUNPATH_SEARCH_PATHS = (
					"$(inherited)",
					"@executable_path/Frameworks",
				);
				MARKETING_VERSION = 1.0;
				PRODUCT_BUNDLE_IDENTIFIER = alexlai.Regimen;
				PRODUCT_NAME = "$(TARGET_NAME)";
				SWIFT_EMIT_LOC_STRINGS = YES;
				SWIFT_VERSION = 5.0;
				TARGETED_DEVICE_FAMILY = "1,2";
			};
			name = Debug;
		};
		48A3F16726A8F0F600DD717D /* Release */ = {
			isa = XCBuildConfiguration;
			buildSettings = {
				ASSETCATALOG_COMPILER_APPICON_NAME = AppIcon;
				ASSETCATALOG_COMPILER_GLOBAL_ACCENT_COLOR_NAME = AccentColor;
				CODE_SIGN_STYLE = Automatic;
				CURRENT_PROJECT_VERSION = 1;
				DEVELOPMENT_TEAM = CV5F63AHVX;
				GENERATE_INFOPLIST_FILE = YES;
				INFOPLIST_FILE = Regimen/Info.plist;
				INFOPLIST_KEY_UIApplicationSupportsIndirectInputEvents = YES;
				INFOPLIST_KEY_UILaunchStoryboardName = LaunchScreen;
				INFOPLIST_KEY_UIMainStoryboardFile = Main;
				INFOPLIST_KEY_UISupportedInterfaceOrientations_iPad = "UIInterfaceOrientationPortrait UIInterfaceOrientationPortraitUpsideDown UIInterfaceOrientationLandscapeLeft UIInterfaceOrientationLandscapeRight";
				INFOPLIST_KEY_UISupportedInterfaceOrientations_iPhone = "UIInterfaceOrientationPortrait UIInterfaceOrientationLandscapeLeft UIInterfaceOrientationLandscapeRight";
				LD_RUNPATH_SEARCH_PATHS = (
					"$(inherited)",
					"@executable_path/Frameworks",
				);
				MARKETING_VERSION = 1.0;
				PRODUCT_BUNDLE_IDENTIFIER = alexlai.Regimen;
				PRODUCT_NAME = "$(TARGET_NAME)";
				SWIFT_EMIT_LOC_STRINGS = YES;
				SWIFT_VERSION = 5.0;
				TARGETED_DEVICE_FAMILY = "1,2";
			};
			name = Release;
		};
/* End XCBuildConfiguration section */

/* Begin XCConfigurationList section */
		48A3F14C26A8F0F400DD717D /* Build configuration list for PBXProject "Regimen" */ = {
			isa = XCConfigurationList;
			buildConfigurations = (
				48A3F16326A8F0F600DD717D /* Debug */,
				48A3F16426A8F0F600DD717D /* Release */,
			);
			defaultConfigurationIsVisible = 0;
			defaultConfigurationName = Release;
		};
		48A3F16526A8F0F600DD717D /* Build configuration list for PBXNativeTarget "Regimen" */ = {
			isa = XCConfigurationList;
			buildConfigurations = (
				48A3F16626A8F0F600DD717D /* Debug */,
				48A3F16726A8F0F600DD717D /* Release */,
			);
			defaultConfigurationIsVisible = 0;
			defaultConfigurationName = Release;
		};
/* End XCConfigurationList section */
	};
	rootObject = 48A3F14926A8F0F400DD717D /* Project object */;
}
